
Microsoft Visual Studio Solution File, Format Version 12.00
# Visual Studio Version 16
VisualStudioVersion = 16.0.29709.97
MinimumVisualStudioVersion = 10.0.40219.1
Project("{FAE04EC0-301F-11D3-BF4B-00C04F79EFBC}") = "ManInARoom", "ManInARoom\ManInARoom.csproj", "{45142F56-0DCE-4DF2-BD0E-B0ACACB58312}"
EndProject
Global
	GlobalSection(SolutionConfigurationPlatforms) = preSolution
		Debug|Any CPU = Debug|Any CPU
		Release|Any CPU = Release|Any CPU
	EndGlobalSection
	GlobalSection(ProjectConfigurationPlatforms) = postSolution
		{45142F56-0DCE-4DF2-BD0E-B0ACACB58312}.Debug|Any CPU.ActiveCfg = Debug|Any CPU
		{45142F56-0DCE-4DF2-BD0E-B0ACACB58312}.Debug|Any CPU.Build.0 = Debug|Any CPU
		{45142F56-0DCE-4DF2-BD0E-B0ACACB58312}.Release|Any CPU.ActiveCfg = Release|Any CPU
		{45142F56-0DCE-4DF2-BD0E-B0ACACB58312}.Release|Any CPU.Build.0 = Release|Any CPU
	EndGlobalSection
	GlobalSection(SolutionProperties) = preSolution
		HideSolutionNode = FALSE
	EndGlobalSection
	GlobalSection(ExtensibilityGlobals) = postSolution
		SolutionGuid = {7D7C5217-AEC1-44B7-A75A-DCBF0A922246}
	EndGlobalSection
EndGlobal
